
Microsoft Visual Studio Solution File, Format Version 12.00
# Visual Studio Version 17
VisualStudioVersion = 17.0.31903.59
MinimumVisualStudioVersion = 10.0.40219.1
Project("{2150E333-8FDC-42A3-9474-1A3956D46DE8}") = "src", "src", "{912C6E16-8788-49C0-8AAD-34A414E74095}"
EndProject
Project("{FAE04EC0-301F-11D3-BF4B-00C04F79EFBC}") = "Mark.Core", "src\Mark.Core\Mark.Core.csproj", "{622FAAA2-5FC3-4F9B-A305-B09A715831A4}"
EndProject
Project("{FAE04EC0-301F-11D3-BF4B-00C04F79EFBC}") = "Mark.Designer", "src\Mark.Designer\Mark.Designer.csproj", "{47633B8C-FF92-4C2B-AA80-FBF3EC5EB19E}"
EndProject
Project("{FAE04EC0-301F-11D3-BF4B-00C04F79EFBC}") = "Mark.App", "src\Mark.App\Mark.App.csproj", "{9F9B7C47-DCD9-4C1E-8886-56C83D71EA18}"
EndProject
Project("{FAE04EC0-301F-11D3-BF4B-00C04F79EFBC}") = "Mark.Tests", "src\Mark.Tests\Mark.Tests.csproj", "{968DE3DB-C9B0-40FA-8712-89F304D64E5D}"
EndProject
Project("{FAE04EC0-301F-11D3-BF4B-00C04F79EFBC}") = "Mark.Calculation", "src\Mark.Calculation\Mark.Calculation.csproj", "{659FB81F-36A1-466E-953F-0941AE83260C}"
EndProject
Project("{FAE04EC0-301F-11D3-BF4B-00C04F79EFBC}") = "Mark.Data", "src\Mark.Data\Mark.Data.csproj", "{66077DA9-8F33-4BCA-98A3-D1C907060899}"
EndProject
Project("{FAE04EC0-301F-11D3-BF4B-00C04F79EFBC}") = "Mark.Licensing", "src\Mark.Licensing\Mark.Licensing.csproj", "{5FE8EBF0-543A-4FB9-B6C1-A642580E0AFB}"
EndProject
Project("{FAE04EC0-301F-11D3-BF4B-00C04F79EFBC}") = "Mark.LicenceServer", "src\Mark.LicenceServer\Mark.LicenceServer.csproj", "{CFC29F25-4E65-4708-925D-8D6847C5D36F}"
EndProject
Project("{FAE04EC0-301F-11D3-BF4B-00C04F79EFBC}") = "Mark.Owner", "src\Mark.Owner\Mark.Owner.csproj", "{D0D8E303-DE36-4BC2-A613-27F54CDBF7DF}"
EndProject
Project("{FAE04EC0-301F-11D3-BF4B-00C04F79EFBC}") = "Mark.Reports", "src\Mark.Reports\Mark.Reports.csproj", "{A4455FB1-78E0-4619-95B9-A37C1A66B699}"
EndProject
Global
	GlobalSection(SolutionConfigurationPlatforms) = preSolution
		Debug|Any CPU = Debug|Any CPU
		Release|Any CPU = Release|Any CPU
	EndGlobalSection
	GlobalSection(SolutionProperties) = preSolution
		HideSolutionNode = FALSE
	EndGlobalSection
	GlobalSection(ProjectConfigurationPlatforms) = postSolution
		{622FAAA2-5FC3-4F9B-A305-B09A715831A4}.Debug|Any CPU.ActiveCfg = Debug|Any CPU
		{622FAAA2-5FC3-4F9B-A305-B09A715831A4}.Debug|Any CPU.Build.0 = Debug|Any CPU
		{622FAAA2-5FC3-4F9B-A305-B09A715831A4}.Release|Any CPU.ActiveCfg = Release|Any CPU
		{622FAAA2-5FC3-4F9B-A305-B09A715831A4}.Release|Any CPU.Build.0 = Release|Any CPU
		{47633B8C-FF92-4C2B-AA80-FBF3EC5EB19E}.Debug|Any CPU.ActiveCfg = Debug|Any CPU
		{47633B8C-FF92-4C2B-AA80-FBF3EC5EB19E}.Debug|Any CPU.Build.0 = Debug|Any CPU
		{47633B8C-FF92-4C2B-AA80-FBF3EC5EB19E}.Release|Any CPU.ActiveCfg = Release|Any CPU
		{47633B8C-FF92-4C2B-AA80-FBF3EC5EB19E}.Release|Any CPU.Build.0 = Release|Any CPU
		{9F9B7C47-DCD9-4C1E-8886-56C83D71EA18}.Debug|Any CPU.ActiveCfg = Debug|Any CPU
		{9F9B7C47-DCD9-4C1E-8886-56C83D71EA18}.Debug|Any CPU.Build.0 = Debug|Any CPU
		{9F9B7C47-DCD9-4C1E-8886-56C83D71EA18}.Release|Any CPU.ActiveCfg = Release|Any CPU
		{9F9B7C47-DCD9-4C1E-8886-56C83D71EA18}.Release|Any CPU.Build.0 = Release|Any CPU
		{968DE3DB-C9B0-40FA-8712-89F304D64E5D}.Debug|Any CPU.ActiveCfg = Debug|Any CPU
		{968DE3DB-C9B0-40FA-8712-89F304D64E5D}.Debug|Any CPU.Build.0 = Debug|Any CPU
		{968DE3DB-C9B0-40FA-8712-89F304D64E5D}.Release|Any CPU.ActiveCfg = Release|Any CPU
		{968DE3DB-C9B0-40FA-8712-89F304D64E5D}.Release|Any CPU.Build.0 = Release|Any CPU
		{659FB81F-36A1-466E-953F-0941AE83260C}.Debug|Any CPU.ActiveCfg = Debug|Any CPU
		{659FB81F-36A1-466E-953F-0941AE83260C}.Debug|Any CPU.Build.0 = Debug|Any CPU
		{659FB81F-36A1-466E-953F-0941AE83260C}.Release|Any CPU.ActiveCfg = Release|Any CPU
		{659FB81F-36A1-466E-953F-0941AE83260C}.Release|Any CPU.Build.0 = Release|Any CPU
		{66077DA9-8F33-4BCA-98A3-D1C907060899}.Debug|Any CPU.ActiveCfg = Debug|Any CPU
		{66077DA9-8F33-4BCA-98A3-D1C907060899}.Debug|Any CPU.Build.0 = Debug|Any CPU
		{66077DA9-8F33-4BCA-98A3-D1C907060899}.Release|Any CPU.ActiveCfg = Release|Any CPU
		{66077DA9-8F33-4BCA-98A3-D1C907060899}.Release|Any CPU.Build.0 = Release|Any CPU
		{5FE8EBF0-543A-4FB9-B6C1-A642580E0AFB}.Debug|Any CPU.ActiveCfg = Debug|Any CPU
		{5FE8EBF0-543A-4FB9-B6C1-A642580E0AFB}.Debug|Any CPU.Build.0 = Debug|Any CPU
		{5FE8EBF0-543A-4FB9-B6C1-A642580E0AFB}.Release|Any CPU.ActiveCfg = Release|Any CPU
		{5FE8EBF0-543A-4FB9-B6C1-A642580E0AFB}.Release|Any CPU.Build.0 = Release|Any CPU
		{CFC29F25-4E65-4708-925D-8D6847C5D36F}.Debug|Any CPU.ActiveCfg = Debug|Any CPU
		{CFC29F25-4E65-4708-925D-8D6847C5D36F}.Debug|Any CPU.Build.0 = Debug|Any CPU
		{CFC29F25-4E65-4708-925D-8D6847C5D36F}.Release|Any CPU.ActiveCfg = Release|Any CPU
		{CFC29F25-4E65-4708-925D-8D6847C5D36F}.Release|Any CPU.Build.0 = Release|Any CPU
		{D0D8E303-DE36-4BC2-A613-27F54CDBF7DF}.Debug|Any CPU.ActiveCfg = Debug|Any CPU
		{D0D8E303-DE36-4BC2-A613-27F54CDBF7DF}.Debug|Any CPU.Build.0 = Debug|Any CPU
		{D0D8E303-DE36-4BC2-A613-27F54CDBF7DF}.Release|Any CPU.ActiveCfg = Release|Any CPU
		{D0D8E303-DE36-4BC2-A613-27F54CDBF7DF}.Release|Any CPU.Build.0 = Release|Any CPU
		{A4455FB1-78E0-4619-95B9-A37C1A66B699}.Debug|Any CPU.ActiveCfg = Debug|Any CPU
		{A4455FB1-78E0-4619-95B9-A37C1A66B699}.Debug|Any CPU.Build.0 = Debug|Any CPU
		{A4455FB1-78E0-4619-95B9-A37C1A66B699}.Release|Any CPU.ActiveCfg = Release|Any CPU
		{A4455FB1-78E0-4619-95B9-A37C1A66B699}.Release|Any CPU.Build.0 = Release|Any CPU
	EndGlobalSection
	GlobalSection(NestedProjects) = preSolution
		{622FAAA2-5FC3-4F9B-A305-B09A715831A4} = {912C6E16-8788-49C0-8AAD-34A414E74095}
		{47633B8C-FF92-4C2B-AA80-FBF3EC5EB19E} = {912C6E16-8788-49C0-8AAD-34A414E74095}
		{9F9B7C47-DCD9-4C1E-8886-56C83D71EA18} = {912C6E16-8788-49C0-8AAD-34A414E74095}
		{968DE3DB-C9B0-40FA-8712-89F304D64E5D} = {912C6E16-8788-49C0-8AAD-34A414E74095}
		{659FB81F-36A1-466E-953F-0941AE83260C} = {912C6E16-8788-49C0-8AAD-34A414E74095}
		{66077DA9-8F33-4BCA-98A3-D1C907060899} = {912C6E16-8788-49C0-8AAD-34A414E74095}
		{5FE8EBF0-543A-4FB9-B6C1-A642580E0AFB} = {912C6E16-8788-49C0-8AAD-34A414E74095}
		{CFC29F25-4E65-4708-925D-8D6847C5D36F} = {912C6E16-8788-49C0-8AAD-34A414E74095}
		{D0D8E303-DE36-4BC2-A613-27F54CDBF7DF} = {912C6E16-8788-49C0-8AAD-34A414E74095}
		{A4455FB1-78E0-4619-95B9-A37C1A66B699} = {912C6E16-8788-49C0-8AAD-34A414E74095}
	EndGlobalSection
EndGlobal
